# This file is automatically @generated by Cargo.
# It is not intended for manual editing.
version = 3

[[package]]
name = "bit_field"
version = "0.10.1"
source = "registry+https://github.com/rust-lang/crates.io-index"
checksum = "dcb6dd1c2376d2e096796e234a70e17e94cc2d5d54ff8ce42b28cef1d0d359a4"

[[package]]
name = "common"
version = "0.0.0"
dependencies = [
 "font8x8",
 "r-efi 3.2.0",
]

[[package]]
name = "efw"
version = "0.2.0"
source = "git+https://github.com/richard-w/efw?branch=master#8c37d35b00eed0c1796242243cd47e29033b2c80"
dependencies = [
 "late-static",
 "r-efi 4.0.0",
 "ucs2",
]

[[package]]
name = "font8x8"
version = "0.2.7"
source = "registry+https://github.com/rust-lang/crates.io-index"
checksum = "e63201c624b8c8883921b1a1accc8916c4fa9dbfb15d122b26e4dde945b86bbf"

[[package]]
name = "kernel"
version = "0.0.0"
dependencies = [
 "common",
 "mmu",
]

[[package]]
name = "late-static"
version = "0.4.0"
source = "registry+https://github.com/rust-lang/crates.io-index"
checksum = "d93fcedb30e350a455138fc814eb049826109a829ff896aba2066ceda81d4e5b"

[[package]]
name = "loader"
version = "0.0.0"
dependencies = [
 "common",
 "efw",
 "mmu",
 "xmas-elf",
]

[[package]]
name = "mmu"
version = "0.1.0"
source = "registry+https://github.com/rust-lang/crates.io-index"
checksum = "1c73e0166bf9682a1616b803980e14a653688fdc1617448622769bc9d4268c25"

[[package]]
name = "r-efi"
version = "3.2.0"
source = "registry+https://github.com/rust-lang/crates.io-index"
checksum = "6198999a900fd9cf051f2109ec3b9589b5c67cbfc77ff82c9fdff24aec83aa7b"

[[package]]
name = "r-efi"
version = "4.0.0"
source = "registry+https://github.com/rust-lang/crates.io-index"
checksum = "6c4257a6ffb364d7f938c0311733a793327639b3d34c0b4af0b3bb775ef3e1b8"

[[package]]
name = "ucs2"
version = "0.3.2"
source = "registry+https://github.com/rust-lang/crates.io-index"
checksum = "bad643914094137d475641b6bab89462505316ec2ce70907ad20102d28a79ab8"
dependencies = [
 "bit_field",
]

[[package]]
name = "xmas-elf"
version = "0.6.2"
source = "registry+https://github.com/rust-lang/crates.io-index"
checksum = "22678df5df766e8d1e5d609da69f0c3132d794edf6ab5e75e7abcd2270d4cf58"
dependencies = [
 "zero",
]

[[package]]
name = "zero"
version = "0.1.2"
source = "registry+https://github.com/rust-lang/crates.io-index"
checksum = "5f1bc8a6b2005884962297587045002d8cfb8dcec9db332f4ca216ddc5de82c5"
