# This file is automatically @generated by Cargo.
# It is not intended for manual editing.
[[package]]
name = "bit_field"
version = "0.10.1"
source = "registry+https://github.com/rust-lang/crates.io-index"
checksum = "dcb6dd1c2376d2e096796e234a70e17e94cc2d5d54ff8ce42b28cef1d0d359a4"

[[package]]
name = "common"
version = "0.0.0"
dependencies = [
 "font8x8",
 "r-efi",
]

[[package]]
name = "efw"
version = "0.2.0"
source = "git+https://github.com/richard-w/efw?branch=master#61bed3a2ce349f4f0e958365c99932dc92985f4a"
dependencies = [
 "late-static",
 "r-efi",
 "ucs2",
]

[[package]]
name = "font8x8"
version = "0.2.5"
source = "registry+https://github.com/rust-lang/crates.io-index"
checksum = "44226c40489fb1d602344a1d8f1b544570c3435e396dda1eda7b5ef010d8f1be"

[[package]]
name = "kernel"
version = "0.0.0"
dependencies = [
 "common",
 "mmu",
]

[[package]]
name = "late-static"
version = "0.3.0"
source = "registry+https://github.com/rust-lang/crates.io-index"
checksum = "fa0fc01ae4c505cff39f8bf927b37a4799ef3309bb865f8cffad2fa3250439c2"

[[package]]
name = "loader"
version = "0.0.0"
dependencies = [
 "common",
 "efw",
 "mmu",
 "xmas-elf",
]

[[package]]
name = "mmu"
version = "0.1.0"
source = "registry+https://github.com/rust-lang/crates.io-index"
checksum = "1c73e0166bf9682a1616b803980e14a653688fdc1617448622769bc9d4268c25"

[[package]]
name = "r-efi"
version = "3.1.0"
source = "registry+https://github.com/rust-lang/crates.io-index"
checksum = "6eaab81f2b90c518541382de3e3a0689a0426d0798d0fdef56f3df69636e83dd"

[[package]]
name = "ucs2"
version = "0.3.1"
source = "registry+https://github.com/rust-lang/crates.io-index"
checksum = "85061f4e43545a613c0da6b87725bf23f8da8613cf2473719c4f71a270c4ce8a"
dependencies = [
 "bit_field",
]

[[package]]
name = "xmas-elf"
version = "0.6.2"
source = "registry+https://github.com/rust-lang/crates.io-index"
checksum = "22678df5df766e8d1e5d609da69f0c3132d794edf6ab5e75e7abcd2270d4cf58"
dependencies = [
 "zero",
]

[[package]]
name = "zero"
version = "0.1.2"
source = "registry+https://github.com/rust-lang/crates.io-index"
checksum = "5f1bc8a6b2005884962297587045002d8cfb8dcec9db332f4ca216ddc5de82c5"
