# This file is automatically @generated by Cargo.
# It is not intended for manual editing.
[[package]]
name = "common"
version = "0.0.0"
dependencies = [
 "font8x8 0.2.4 (registry+https://github.com/rust-lang/crates.io-index)",
 "r-efi 2.0.0 (git+https://github.com/r-util/r-efi)",
]

[[package]]
name = "efw"
version = "0.0.0"
source = "git+https://github.com/richard-w/efw#a378ad7de9a8143b2c0d59d0cc9a7074d120145f"
dependencies = [
 "late-static 0.3.0 (registry+https://github.com/rust-lang/crates.io-index)",
 "r-efi 2.0.0 (git+https://github.com/r-util/r-efi)",
 "ucs2 0.1.0 (registry+https://github.com/rust-lang/crates.io-index)",
]

[[package]]
name = "font8x8"
version = "0.2.4"
source = "registry+https://github.com/rust-lang/crates.io-index"

[[package]]
name = "kernel"
version = "0.0.0"
dependencies = [
 "common 0.0.0",
 "mmu 0.1.0 (registry+https://github.com/rust-lang/crates.io-index)",
]

[[package]]
name = "late-static"
version = "0.3.0"
source = "registry+https://github.com/rust-lang/crates.io-index"

[[package]]
name = "loader"
version = "0.0.0"
dependencies = [
 "common 0.0.0",
 "efw 0.0.0 (git+https://github.com/richard-w/efw)",
 "mmu 0.1.0 (registry+https://github.com/rust-lang/crates.io-index)",
 "xmas-elf 0.6.2 (registry+https://github.com/rust-lang/crates.io-index)",
]

[[package]]
name = "mmu"
version = "0.1.0"
source = "registry+https://github.com/rust-lang/crates.io-index"

[[package]]
name = "r-efi"
version = "2.0.0"
source = "git+https://github.com/r-util/r-efi#70ab55701925e7236136cab2186be8c0918949e7"

[[package]]
name = "ucs2"
version = "0.1.0"
source = "registry+https://github.com/rust-lang/crates.io-index"

[[package]]
name = "xmas-elf"
version = "0.6.2"
source = "registry+https://github.com/rust-lang/crates.io-index"
dependencies = [
 "zero 0.1.2 (registry+https://github.com/rust-lang/crates.io-index)",
]

[[package]]
name = "zero"
version = "0.1.2"
source = "registry+https://github.com/rust-lang/crates.io-index"

[metadata]
"checksum efw 0.0.0 (git+https://github.com/richard-w/efw)" = "<none>"
"checksum font8x8 0.2.4 (registry+https://github.com/rust-lang/crates.io-index)" = "b81d84c3c978af7d05d31a2198af4b9ba956d819d15d8f6d58fc150e33f8dc1f"
"checksum late-static 0.3.0 (registry+https://github.com/rust-lang/crates.io-index)" = "fa0fc01ae4c505cff39f8bf927b37a4799ef3309bb865f8cffad2fa3250439c2"
"checksum mmu 0.1.0 (registry+https://github.com/rust-lang/crates.io-index)" = "1c73e0166bf9682a1616b803980e14a653688fdc1617448622769bc9d4268c25"
"checksum r-efi 2.0.0 (git+https://github.com/r-util/r-efi)" = "<none>"
"checksum ucs2 0.1.0 (registry+https://github.com/rust-lang/crates.io-index)" = "8e583483194b07714e09e7f72ae3ed447d17fe6855f66a2ccbf6751e52df82e0"
"checksum xmas-elf 0.6.2 (registry+https://github.com/rust-lang/crates.io-index)" = "22678df5df766e8d1e5d609da69f0c3132d794edf6ab5e75e7abcd2270d4cf58"
"checksum zero 0.1.2 (registry+https://github.com/rust-lang/crates.io-index)" = "5f1bc8a6b2005884962297587045002d8cfb8dcec9db332f4ca216ddc5de82c5"
